
Microsoft Visual Studio Solution File, Format Version 12.00
# Visual Studio Version 17
VisualStudioVersion = 17.10.35013.160
MinimumVisualStudioVersion = 10.0.40219.1
Project("{9A19103F-16F7-4668-BE54-9A1E7A4F7556}") = "001_Test_Many_To_Many", "Test_Many_To_Many\001_Test_Many_To_Many.csproj", "{281F227D-6EE3-4F42-AB15-431EEF158B08}"
EndProject
Project("{9A19103F-16F7-4668-BE54-9A1E7A4F7556}") = "003_Simple_Authentication", "Simple_Authentication\003_Simple_Authentication.csproj", "{EA32E48E-0023-4658-AF43-F66F055F96E7}"
EndProject
Project("{9A19103F-16F7-4668-BE54-9A1E7A4F7556}") = "002_Joke", "Joke\002_Joke.csproj", "{4EC580CB-F106-46F6-A386-E80EBCC567E7}"
EndProject
Project("{9A19103F-16F7-4668-BE54-9A1E7A4F7556}") = "004_Average_Authentication", "Average_Authentication\004_Average_Authentication.csproj", "{E532A0E8-F376-4BFF-9249-1C82EF0A807C}"
EndProject
Project("{9A19103F-16F7-4668-BE54-9A1E7A4F7556}") = "005_Strong_Authentication", "Strong_Authentication\005_Strong_Authentication.csproj", "{008B8673-C17D-4F0F-B64D-A0BD647737F3}"
EndProject
Project("{9A19103F-16F7-4668-BE54-9A1E7A4F7556}") = "006_Easy_TokenGeneration", "Easy_TokenGeneration\006_Easy_TokenGeneration.csproj", "{78608D5C-88FE-48DB-ACD4-EA444107C9D7}"
EndProject
Project("{9A19103F-16F7-4668-BE54-9A1E7A4F7556}") = "007_Average_TokenGeneration", "Average_TokenGeneration\007_Average_TokenGeneration.csproj", "{07144224-6275-46C5-91A8-15D0C201FEC2}"
EndProject
Project("{9A19103F-16F7-4668-BE54-9A1E7A4F7556}") = "008_Easy_Thread_safe_collections", "Easy_Thread_safe_collections\008_Easy_Thread_safe_collections.csproj", "{664D7856-5C80-43D7-9854-38FF139A61EC}"
EndProject
Project("{9A19103F-16F7-4668-BE54-9A1E7A4F7556}") = "009_Easy_Thread_safe_collections_2", "Easy_Thread_safe_collections_2\009_Easy_Thread_safe_collections_2.csproj", "{88D33FA6-5F5E-4968-BFB0-447B14AD35E7}"
EndProject
Project("{9A19103F-16F7-4668-BE54-9A1E7A4F7556}") = "010_SynchronizationOfOrders", "SynchronizationOfOrders\010_SynchronizationOfOrders.csproj", "{255434C8-1DF1-49C8-B47D-52D3D34216FD}"
EndProject
Project("{9A19103F-16F7-4668-BE54-9A1E7A4F7556}") = "011_Cache_MemoryCache", "Cache_MemoryCache\011_Cache_MemoryCache.csproj", "{1874868D-F140-4625-9DC3-F84DA12E5464}"
EndProject
Project("{9A19103F-16F7-4668-BE54-9A1E7A4F7556}") = "012_Cache_Average_MemoryCache", "Cache_Average_MemoryCache\012_Cache_Average_MemoryCache.csproj", "{8EFD17D9-97E9-4275-A79E-6C36F3961044}"
EndProject
Project("{9A19103F-16F7-4668-BE54-9A1E7A4F7556}") = "013_Cache_Redis", "Cache_Redis\013_Cache_Redis.csproj", "{3D318A99-CCAF-45D0-AFB5-64DD6B147790}"
EndProject
Project("{9A19103F-16F7-4668-BE54-9A1E7A4F7556}") = "014_Easy_Url_Shortener_App", "Easy_Url_Shortener_App\014_Easy_Url_Shortener_App.csproj", "{5AC962AA-0AC1-4E56-91F2-7A21D3DB3604}"
EndProject
Project("{9A19103F-16F7-4668-BE54-9A1E7A4F7556}") = "015_TestApp_RabbitMQ_Producer", "TestApp_RabbitMQ_Producer\015_TestApp_RabbitMQ_Producer.csproj", "{5B05CC08-EB9E-440B-AACB-ABC93CBA3363}"
EndProject
Project("{9A19103F-16F7-4668-BE54-9A1E7A4F7556}") = "015_TestApp_RabbitMQ_Consumer", "TestApp_RabbitMQ_Consumer\015_TestApp_RabbitMQ_Consumer.csproj", "{BB654B37-9ED4-460D-B61E-5CC9DE2ABAB7}"
EndProject
Project("{9A19103F-16F7-4668-BE54-9A1E7A4F7556}") = "014_TestProject_Collor", "TestProject_Collor\014_TestProject_Collor.csproj", "{871A4B7E-A143-41CB-899C-45C4F00B6EAC}"
EndProject
Project("{9A19103F-16F7-4668-BE54-9A1E7A4F7556}") = "016_Test_App_Easy_PostgreSQL", "Test_App_Easy_PostgreSQL\016_Test_App_Easy_PostgreSQL.csproj", "{32E252A3-78E7-4DF2-8D43-416F76BA41D3}"
EndProject
Project("{9A19103F-16F7-4668-BE54-9A1E7A4F7556}") = "017_Test_easy_App_Dapper", "Test_easy_App_Dapper\017_Test_easy_App_Dapper.csproj", "{54AD483C-3828-413A-87DD-9A92F8D4D014}"
EndProject
Project("{9A19103F-16F7-4668-BE54-9A1E7A4F7556}") = "018_Test_app_SQLiete", "Test_app_SQLiete\018_Test_app_SQLiete.csproj", "{A86CDD9C-7CEF-4941-ACC6-5984535A255E}"
EndProject
Project("{9A19103F-16F7-4668-BE54-9A1E7A4F7556}") = "019_Test_app_Oracle", "Test_app_Oracle\019_Test_app_Oracle.csproj", "{B8FA2D93-6411-43B7-8133-B3EAA3A8F526}"
EndProject
Project("{9A19103F-16F7-4668-BE54-9A1E7A4F7556}") = "020_Test_easy_app_Oracle", "Test_easy_app_Oracle\020_Test_easy_app_Oracle.csproj", "{84FF36CB-BDD9-47DB-B9AC-F6F8AEE7A3E6}"
EndProject
Project("{9A19103F-16F7-4668-BE54-9A1E7A4F7556}") = "021_TestApp_Easy_MongoDb", "TestApp_Easy_MongoDb\021_TestApp_Easy_MongoDb.csproj", "{3D02A4C8-1890-49A2-89E2-D4EB72FD1B3E}"
EndProject
Project("{9A19103F-16F7-4668-BE54-9A1E7A4F7556}") = "022_TestApp_Middle_MongoDb", "TestApp_Middle_MongoDb\022_TestApp_Middle_MongoDb.csproj", "{A0B5734F-231C-48D5-AB7F-A7714F1057E5}"
EndProject
Project("{9A19103F-16F7-4668-BE54-9A1E7A4F7556}") = "023_Test_app_MySQL", "Test_app_MySQL\023_Test_app_MySQL.csproj", "{0123D794-5643-4DC8-842B-AAD377BCDDBA}"
EndProject
Project("{9A19103F-16F7-4668-BE54-9A1E7A4F7556}") = "024_Test_ElkLoggerApp", "Test_ElkLoggerApp\024_Test_ElkLoggerApp.csproj", "{F25B8516-ADAF-46E0-9322-EE5B1FA5EA4B}"
EndProject
Project("{9A19103F-16F7-4668-BE54-9A1E7A4F7556}") = "026_Test_App_sorting", "Test_App_sorting\026_Test_App_sorting.csproj", "{9292491D-B61F-40A3-A4CA-4D1086DD0DDB}"
EndProject
Project("{9A19103F-16F7-4668-BE54-9A1E7A4F7556}") = "025_FileWriter_Test_Pattern_Finalize", "FileWriter_Test_Pattern_Finalize\025_FileWriter_Test_Pattern_Finalize.csproj", "{5E11D452-7E2F-4767-9212-01354982BA82}"
EndProject
Project("{9A19103F-16F7-4668-BE54-9A1E7A4F7556}") = "027_Test_Synchronization_Mutex", "Test_Synchronization_Mutex\027_Test_Synchronization_Mutex.csproj", "{E71F96C0-BC5D-4061-B69A-83EEAA65CC67}"
EndProject
Project("{9A19103F-16F7-4668-BE54-9A1E7A4F7556}") = "029_Test_Synchronization_SemaphoreSlim_Async", "Test_Synchronization_SemaphoreSlim_Async\029_Test_Synchronization_SemaphoreSlim_Async.csproj", "{952A570E-A49C-48F2-8FE9-39D0B7E37EA6}"
EndProject
Project("{9A19103F-16F7-4668-BE54-9A1E7A4F7556}") = "028_Test_Synchronization_SemaphoreSlim", "Test_Synchronization_SemaphoreSlim\028_Test_Synchronization_SemaphoreSlim.csproj", "{66C90D7B-735A-43EA-B331-1C88CB14AE99}"
EndProject
Project("{9A19103F-16F7-4668-BE54-9A1E7A4F7556}") = "030_Test_Synchronization_AutoResetEvent", "Test_Synchronization_AutoResetEvent\030_Test_Synchronization_AutoResetEvent.csproj", "{23DF3858-08A1-4B43-B957-670E8B2C85C9}"
EndProject
Project("{9A19103F-16F7-4668-BE54-9A1E7A4F7556}") = "031_Test_Synchronization_AsyncAutoResetEvent_Async", "Test_Synchronization_AsyncAutoResetEvent_Async\031_Test_Synchronization_AsyncAutoResetEvent_Async.csproj", "{A25850D4-6DED-4219-80E4-3460D723440B}"
EndProject
Project("{9A19103F-16F7-4668-BE54-9A1E7A4F7556}") = "033_Test_Synchronization_AsyncManualResetEvent_Async", "Test_Synchronization_AsyncManualResetEvent_Async\033_Test_Synchronization_AsyncManualResetEvent_Async.csproj", "{C7549D3C-B6D9-428B-8AE7-5D1F856FF39B}"
EndProject
Project("{9A19103F-16F7-4668-BE54-9A1E7A4F7556}") = "032_Test_Synchronization_ManualResetEvent", "Test_Synchronization_ManualResetEvent\032_Test_Synchronization_ManualResetEvent.csproj", "{16EFCFE8-6F9F-4A05-86CA-3FF89857CCA5}"
EndProject
Project("{9A19103F-16F7-4668-BE54-9A1E7A4F7556}") = "034_Test_BarrierExample", "Test_BarrierExample\034_Test_BarrierExample.csproj", "{CDD6329E-4EF3-4886-B6BD-8E6DC8FC1E91}"
EndProject
Project("{9A19103F-16F7-4668-BE54-9A1E7A4F7556}") = "035_Test_CountdownEvent", "Test_CountdownEvent\035_Test_CountdownEvent.csproj", "{796D12B1-5A01-4653-95BE-7633B6A1839E}"
EndProject
Project("{9A19103F-16F7-4668-BE54-9A1E7A4F7556}") = "036_Test_InterlockedExample", "Test_InterlockedExample\036_Test_InterlockedExample.csproj", "{261249D9-A26B-4940-942F-083D6674FB5B}"
EndProject
Project("{9A19103F-16F7-4668-BE54-9A1E7A4F7556}") = "037_Easy_Pattern_State", "Easy_Pattern_State\037_Easy_Pattern_State.csproj", "{C44DD8AB-386B-4105-A202-ABEF5CD422A1}"
EndProject
Project("{9A19103F-16F7-4668-BE54-9A1E7A4F7556}") = "Test_sorting", "Test_sorting\Test_sorting.csproj", "{7CBED6EA-B9E0-4F46-ACC6-E5CF528F4386}"
EndProject
Project("{9A19103F-16F7-4668-BE54-9A1E7A4F7556}") = "038_SimpleNum", "SimpleNum\038_SimpleNum.csproj", "{85C27459-C58E-43FE-87C4-6CA4E5684B94}"
EndProject
Project("{9A19103F-16F7-4668-BE54-9A1E7A4F7556}") = "039_MaxProduct", "MaxProduct\039_MaxProduct.csproj", "{DBF68CD3-0F40-425C-8B2B-6788708BFDC8}"
EndProject
Project("{9A19103F-16F7-4668-BE54-9A1E7A4F7556}") = "040_ReverseString", "ReverseString\040_ReverseString.csproj", "{7C20539B-B10C-4616-B80C-EBCFD45E737B}"
EndProject
Project("{9A19103F-16F7-4668-BE54-9A1E7A4F7556}") = "041_FindPalindrome", "FindPalindrome\041_FindPalindrome.csproj", "{5CED70D2-9043-4789-B3AB-9A259830F621}"
EndProject
Project("{9A19103F-16F7-4668-BE54-9A1E7A4F7556}") = "042_FindDuplicate", "FindDuplicate\042_FindDuplicate.csproj", "{F601FF35-9E28-4583-993B-2F3779DF9B95}"
EndProject
Project("{9A19103F-16F7-4668-BE54-9A1E7A4F7556}") = "043_FindSumSubarray", "FindSumSubarray\043_FindSumSubarray.csproj", "{7A66491E-360C-4DBC-9E84-2708400AA96F}"
EndProject
Project("{9A19103F-16F7-4668-BE54-9A1E7A4F7556}") = "045_FindTheMissingDigit", "FindTheMissingDigit\045_FindTheMissingDigit.csproj", "{9869EE3C-16AB-4F13-89E9-891DFF51E626}"
EndProject
Project("{9A19103F-16F7-4668-BE54-9A1E7A4F7556}") = "046_QuickSort", "QuickSort\046_QuickSort.csproj", "{934E3D58-732A-4EDA-ACCB-F74243CDED0E}"
EndProject
Project("{9A19103F-16F7-4668-BE54-9A1E7A4F7556}") = "047_FindSumtwoNumber", "FindSumtwoNumber\047_FindSumtwoNumber.csproj", "{DCBCAC6C-9D37-4672-93B9-DFE86A296AC9}"
EndProject
Project("{9A19103F-16F7-4668-BE54-9A1E7A4F7556}") = "048_FindFibonacci", "FindFibonacci\048_FindFibonacci.csproj", "{2B72BF92-9E16-4BC5-95BE-117C11800F25}"
EndProject
Project("{FAE04EC0-301F-11D3-BF4B-00C04F79EFBC}") = "049_Maze_BFS", "Maze_BFS\049_Maze_BFS.csproj", "{32728A40-AA5B-4DDB-B868-F503B0C4E5B6}"
EndProject
Project("{FAE04EC0-301F-11D3-BF4B-00C04F79EFBC}") = "050_Maze_DFS", "Maze_DFS\050_Maze_DFS.csproj", "{FF871BD9-4299-4959-89C6-710E5FF87DDF}"
EndProject
Project("{FAE04EC0-301F-11D3-BF4B-00C04F79EFBC}") = "051_Permutation", "Permutation\051_Permutation.csproj", "{B1900A60-7AD0-4ECB-B9CE-00ED7BB3F85F}"
EndProject
Project("{FAE04EC0-301F-11D3-BF4B-00C04F79EFBC}") = "052_EvaluateRPN", "EvaluateRPN\052_EvaluateRPN.csproj", "{8C4CF52E-74EC-457B-82EB-5F8923FBBBBD}"
EndProject
Project("{FAE04EC0-301F-11D3-BF4B-00C04F79EFBC}") = "053_Backpack", "Backpack\053_Backpack.csproj", "{CE6782EA-6D8F-4211-8FC4-E72B218A38AB}"
EndProject
Project("{FAE04EC0-301F-11D3-BF4B-00C04F79EFBC}") = "054_Backpack_2", "Backpack_2\054_Backpack_2.csproj", "{B7192FC6-044C-49DB-ACC1-2159961696E9}"
EndProject
Project("{FAE04EC0-301F-11D3-BF4B-00C04F79EFBC}") = "055_Backpack_3_DP", "Backpack_3_DP\055_Backpack_3_DP.csproj", "{C46C077C-2797-439A-A601-44313E127FF2}"
EndProject
Project("{FAE04EC0-301F-11D3-BF4B-00C04F79EFBC}") = "056_FindProgression", "FindProgression\056_FindProgression.csproj", "{B240396E-ACA3-4C89-9711-8FD431A8FD06}"
EndProject
Project("{FAE04EC0-301F-11D3-BF4B-00C04F79EFBC}") = "057_FindMostFrequentNumber", "FindMostFrequentNumber\057_FindMostFrequentNumber.csproj", "{3AA8F4FE-0060-4B96-811B-2FE0C549B8A4}"
EndProject
Project("{FAE04EC0-301F-11D3-BF4B-00C04F79EFBC}") = "058_DijkstraSolver", "DijkstraSolver\058_DijkstraSolver.csproj", "{117869E5-E4A7-4EF7-AF67-A23EBB15540E}"
EndProject
Project("{FAE04EC0-301F-11D3-BF4B-00C04F79EFBC}") = "059_DijkstraSolver_OptimIzed", "DijkstraSolver_OptimIzed\059_DijkstraSolver_OptimIzed.csproj", "{20B63CF2-49C5-4FFA-A83A-BAB6BEDE438F}"
EndProject
Project("{FAE04EC0-301F-11D3-BF4B-00C04F79EFBC}") = "060_GetShortestPath", "GetShortestPath\060_GetShortestPath.csproj", "{D1135DCF-697D-4252-B0A9-0F81FC7CB80B}"
EndProject
Project("{FAE04EC0-301F-11D3-BF4B-00C04F79EFBC}") = "061_GetShortestPath_Rover", "GetShortestPath_Rover\061_GetShortestPath_Rover.csproj", "{60DC500E-CCE5-41F6-BCDF-58520AD1E33C}"
EndProject
Project("{FAE04EC0-301F-11D3-BF4B-00C04F79EFBC}") = "TopRevenueProducts", "TopRevenueProducts\TopRevenueProducts.csproj", "{EA8EF494-CDC9-4D40-86B6-2DA254269180}"
EndProject
Project("{FAE04EC0-301F-11D3-BF4B-00C04F79EFBC}") = "TopBottomSalary", "TopBottomSalary\TopBottomSalary.csproj", "{10FAE484-63C6-4469-852D-647E85240DDF}"
EndProject
Global
	GlobalSection(SolutionConfigurationPlatforms) = preSolution
		Debug|Any CPU = Debug|Any CPU
		Release|Any CPU = Release|Any CPU
	EndGlobalSection
	GlobalSection(ProjectConfigurationPlatforms) = postSolution
		{281F227D-6EE3-4F42-AB15-431EEF158B08}.Debug|Any CPU.ActiveCfg = Debug|Any CPU
		{281F227D-6EE3-4F42-AB15-431EEF158B08}.Debug|Any CPU.Build.0 = Debug|Any CPU
		{281F227D-6EE3-4F42-AB15-431EEF158B08}.Release|Any CPU.ActiveCfg = Release|Any CPU
		{281F227D-6EE3-4F42-AB15-431EEF158B08}.Release|Any CPU.Build.0 = Release|Any CPU
		{EA32E48E-0023-4658-AF43-F66F055F96E7}.Debug|Any CPU.ActiveCfg = Debug|Any CPU
		{EA32E48E-0023-4658-AF43-F66F055F96E7}.Debug|Any CPU.Build.0 = Debug|Any CPU
		{EA32E48E-0023-4658-AF43-F66F055F96E7}.Release|Any CPU.ActiveCfg = Release|Any CPU
		{EA32E48E-0023-4658-AF43-F66F055F96E7}.Release|Any CPU.Build.0 = Release|Any CPU
		{4EC580CB-F106-46F6-A386-E80EBCC567E7}.Debug|Any CPU.ActiveCfg = Debug|Any CPU
		{4EC580CB-F106-46F6-A386-E80EBCC567E7}.Debug|Any CPU.Build.0 = Debug|Any CPU
		{4EC580CB-F106-46F6-A386-E80EBCC567E7}.Release|Any CPU.ActiveCfg = Release|Any CPU
		{4EC580CB-F106-46F6-A386-E80EBCC567E7}.Release|Any CPU.Build.0 = Release|Any CPU
		{E532A0E8-F376-4BFF-9249-1C82EF0A807C}.Debug|Any CPU.ActiveCfg = Debug|Any CPU
		{E532A0E8-F376-4BFF-9249-1C82EF0A807C}.Debug|Any CPU.Build.0 = Debug|Any CPU
		{E532A0E8-F376-4BFF-9249-1C82EF0A807C}.Release|Any CPU.ActiveCfg = Release|Any CPU
		{E532A0E8-F376-4BFF-9249-1C82EF0A807C}.Release|Any CPU.Build.0 = Release|Any CPU
		{008B8673-C17D-4F0F-B64D-A0BD647737F3}.Debug|Any CPU.ActiveCfg = Debug|Any CPU
		{008B8673-C17D-4F0F-B64D-A0BD647737F3}.Debug|Any CPU.Build.0 = Debug|Any CPU
		{008B8673-C17D-4F0F-B64D-A0BD647737F3}.Release|Any CPU.ActiveCfg = Release|Any CPU
		{008B8673-C17D-4F0F-B64D-A0BD647737F3}.Release|Any CPU.Build.0 = Release|Any CPU
		{78608D5C-88FE-48DB-ACD4-EA444107C9D7}.Debug|Any CPU.ActiveCfg = Debug|Any CPU
		{78608D5C-88FE-48DB-ACD4-EA444107C9D7}.Debug|Any CPU.Build.0 = Debug|Any CPU
		{78608D5C-88FE-48DB-ACD4-EA444107C9D7}.Release|Any CPU.ActiveCfg = Release|Any CPU
		{78608D5C-88FE-48DB-ACD4-EA444107C9D7}.Release|Any CPU.Build.0 = Release|Any CPU
		{07144224-6275-46C5-91A8-15D0C201FEC2}.Debug|Any CPU.ActiveCfg = Debug|Any CPU
		{07144224-6275-46C5-91A8-15D0C201FEC2}.Debug|Any CPU.Build.0 = Debug|Any CPU
		{07144224-6275-46C5-91A8-15D0C201FEC2}.Release|Any CPU.ActiveCfg = Release|Any CPU
		{07144224-6275-46C5-91A8-15D0C201FEC2}.Release|Any CPU.Build.0 = Release|Any CPU
		{664D7856-5C80-43D7-9854-38FF139A61EC}.Debug|Any CPU.ActiveCfg = Debug|Any CPU
		{664D7856-5C80-43D7-9854-38FF139A61EC}.Debug|Any CPU.Build.0 = Debug|Any CPU
		{664D7856-5C80-43D7-9854-38FF139A61EC}.Release|Any CPU.ActiveCfg = Release|Any CPU
		{664D7856-5C80-43D7-9854-38FF139A61EC}.Release|Any CPU.Build.0 = Release|Any CPU
		{88D33FA6-5F5E-4968-BFB0-447B14AD35E7}.Debug|Any CPU.ActiveCfg = Debug|Any CPU
		{88D33FA6-5F5E-4968-BFB0-447B14AD35E7}.Debug|Any CPU.Build.0 = Debug|Any CPU
		{88D33FA6-5F5E-4968-BFB0-447B14AD35E7}.Release|Any CPU.ActiveCfg = Release|Any CPU
		{88D33FA6-5F5E-4968-BFB0-447B14AD35E7}.Release|Any CPU.Build.0 = Release|Any CPU
		{255434C8-1DF1-49C8-B47D-52D3D34216FD}.Debug|Any CPU.ActiveCfg = Debug|Any CPU
		{255434C8-1DF1-49C8-B47D-52D3D34216FD}.Debug|Any CPU.Build.0 = Debug|Any CPU
		{255434C8-1DF1-49C8-B47D-52D3D34216FD}.Release|Any CPU.ActiveCfg = Release|Any CPU
		{255434C8-1DF1-49C8-B47D-52D3D34216FD}.Release|Any CPU.Build.0 = Release|Any CPU
		{1874868D-F140-4625-9DC3-F84DA12E5464}.Debug|Any CPU.ActiveCfg = Debug|Any CPU
		{1874868D-F140-4625-9DC3-F84DA12E5464}.Debug|Any CPU.Build.0 = Debug|Any CPU
		{1874868D-F140-4625-9DC3-F84DA12E5464}.Release|Any CPU.ActiveCfg = Release|Any CPU
		{1874868D-F140-4625-9DC3-F84DA12E5464}.Release|Any CPU.Build.0 = Release|Any CPU
		{8EFD17D9-97E9-4275-A79E-6C36F3961044}.Debug|Any CPU.ActiveCfg = Debug|Any CPU
		{8EFD17D9-97E9-4275-A79E-6C36F3961044}.Debug|Any CPU.Build.0 = Debug|Any CPU
		{8EFD17D9-97E9-4275-A79E-6C36F3961044}.Release|Any CPU.ActiveCfg = Release|Any CPU
		{8EFD17D9-97E9-4275-A79E-6C36F3961044}.Release|Any CPU.Build.0 = Release|Any CPU
		{3D318A99-CCAF-45D0-AFB5-64DD6B147790}.Debug|Any CPU.ActiveCfg = Debug|Any CPU
		{3D318A99-CCAF-45D0-AFB5-64DD6B147790}.Debug|Any CPU.Build.0 = Debug|Any CPU
		{3D318A99-CCAF-45D0-AFB5-64DD6B147790}.Release|Any CPU.ActiveCfg = Release|Any CPU
		{3D318A99-CCAF-45D0-AFB5-64DD6B147790}.Release|Any CPU.Build.0 = Release|Any CPU
		{5AC962AA-0AC1-4E56-91F2-7A21D3DB3604}.Debug|Any CPU.ActiveCfg = Debug|Any CPU
		{5AC962AA-0AC1-4E56-91F2-7A21D3DB3604}.Debug|Any CPU.Build.0 = Debug|Any CPU
		{5AC962AA-0AC1-4E56-91F2-7A21D3DB3604}.Release|Any CPU.ActiveCfg = Release|Any CPU
		{5AC962AA-0AC1-4E56-91F2-7A21D3DB3604}.Release|Any CPU.Build.0 = Release|Any CPU
		{5B05CC08-EB9E-440B-AACB-ABC93CBA3363}.Debug|Any CPU.ActiveCfg = Debug|Any CPU
		{5B05CC08-EB9E-440B-AACB-ABC93CBA3363}.Debug|Any CPU.Build.0 = Debug|Any CPU
		{5B05CC08-EB9E-440B-AACB-ABC93CBA3363}.Release|Any CPU.ActiveCfg = Release|Any CPU
		{5B05CC08-EB9E-440B-AACB-ABC93CBA3363}.Release|Any CPU.Build.0 = Release|Any CPU
		{BB654B37-9ED4-460D-B61E-5CC9DE2ABAB7}.Debug|Any CPU.ActiveCfg = Debug|Any CPU
		{BB654B37-9ED4-460D-B61E-5CC9DE2ABAB7}.Debug|Any CPU.Build.0 = Debug|Any CPU
		{BB654B37-9ED4-460D-B61E-5CC9DE2ABAB7}.Release|Any CPU.ActiveCfg = Release|Any CPU
		{BB654B37-9ED4-460D-B61E-5CC9DE2ABAB7}.Release|Any CPU.Build.0 = Release|Any CPU
		{871A4B7E-A143-41CB-899C-45C4F00B6EAC}.Debug|Any CPU.ActiveCfg = Debug|Any CPU
		{871A4B7E-A143-41CB-899C-45C4F00B6EAC}.Debug|Any CPU.Build.0 = Debug|Any CPU
		{871A4B7E-A143-41CB-899C-45C4F00B6EAC}.Release|Any CPU.ActiveCfg = Release|Any CPU
		{871A4B7E-A143-41CB-899C-45C4F00B6EAC}.Release|Any CPU.Build.0 = Release|Any CPU
		{32E252A3-78E7-4DF2-8D43-416F76BA41D3}.Debug|Any CPU.ActiveCfg = Debug|Any CPU
		{32E252A3-78E7-4DF2-8D43-416F76BA41D3}.Debug|Any CPU.Build.0 = Debug|Any CPU
		{32E252A3-78E7-4DF2-8D43-416F76BA41D3}.Release|Any CPU.ActiveCfg = Release|Any CPU
		{32E252A3-78E7-4DF2-8D43-416F76BA41D3}.Release|Any CPU.Build.0 = Release|Any CPU
		{54AD483C-3828-413A-87DD-9A92F8D4D014}.Debug|Any CPU.ActiveCfg = Debug|Any CPU
		{54AD483C-3828-413A-87DD-9A92F8D4D014}.Debug|Any CPU.Build.0 = Debug|Any CPU
		{54AD483C-3828-413A-87DD-9A92F8D4D014}.Release|Any CPU.ActiveCfg = Release|Any CPU
		{54AD483C-3828-413A-87DD-9A92F8D4D014}.Release|Any CPU.Build.0 = Release|Any CPU
		{A86CDD9C-7CEF-4941-ACC6-5984535A255E}.Debug|Any CPU.ActiveCfg = Debug|Any CPU
		{A86CDD9C-7CEF-4941-ACC6-5984535A255E}.Debug|Any CPU.Build.0 = Debug|Any CPU
		{A86CDD9C-7CEF-4941-ACC6-5984535A255E}.Release|Any CPU.ActiveCfg = Release|Any CPU
		{A86CDD9C-7CEF-4941-ACC6-5984535A255E}.Release|Any CPU.Build.0 = Release|Any CPU
		{B8FA2D93-6411-43B7-8133-B3EAA3A8F526}.Debug|Any CPU.ActiveCfg = Debug|Any CPU
		{B8FA2D93-6411-43B7-8133-B3EAA3A8F526}.Debug|Any CPU.Build.0 = Debug|Any CPU
		{B8FA2D93-6411-43B7-8133-B3EAA3A8F526}.Release|Any CPU.ActiveCfg = Release|Any CPU
		{B8FA2D93-6411-43B7-8133-B3EAA3A8F526}.Release|Any CPU.Build.0 = Release|Any CPU
		{84FF36CB-BDD9-47DB-B9AC-F6F8AEE7A3E6}.Debug|Any CPU.ActiveCfg = Debug|Any CPU
		{84FF36CB-BDD9-47DB-B9AC-F6F8AEE7A3E6}.Debug|Any CPU.Build.0 = Debug|Any CPU
		{84FF36CB-BDD9-47DB-B9AC-F6F8AEE7A3E6}.Release|Any CPU.ActiveCfg = Release|Any CPU
		{84FF36CB-BDD9-47DB-B9AC-F6F8AEE7A3E6}.Release|Any CPU.Build.0 = Release|Any CPU
		{3D02A4C8-1890-49A2-89E2-D4EB72FD1B3E}.Debug|Any CPU.ActiveCfg = Debug|Any CPU
		{3D02A4C8-1890-49A2-89E2-D4EB72FD1B3E}.Debug|Any CPU.Build.0 = Debug|Any CPU
		{3D02A4C8-1890-49A2-89E2-D4EB72FD1B3E}.Release|Any CPU.ActiveCfg = Release|Any CPU
		{3D02A4C8-1890-49A2-89E2-D4EB72FD1B3E}.Release|Any CPU.Build.0 = Release|Any CPU
		{A0B5734F-231C-48D5-AB7F-A7714F1057E5}.Debug|Any CPU.ActiveCfg = Debug|Any CPU
		{A0B5734F-231C-48D5-AB7F-A7714F1057E5}.Debug|Any CPU.Build.0 = Debug|Any CPU
		{A0B5734F-231C-48D5-AB7F-A7714F1057E5}.Release|Any CPU.ActiveCfg = Release|Any CPU
		{A0B5734F-231C-48D5-AB7F-A7714F1057E5}.Release|Any CPU.Build.0 = Release|Any CPU
		{0123D794-5643-4DC8-842B-AAD377BCDDBA}.Debug|Any CPU.ActiveCfg = Debug|Any CPU
		{0123D794-5643-4DC8-842B-AAD377BCDDBA}.Debug|Any CPU.Build.0 = Debug|Any CPU
		{0123D794-5643-4DC8-842B-AAD377BCDDBA}.Release|Any CPU.ActiveCfg = Release|Any CPU
		{0123D794-5643-4DC8-842B-AAD377BCDDBA}.Release|Any CPU.Build.0 = Release|Any CPU
		{F25B8516-ADAF-46E0-9322-EE5B1FA5EA4B}.Debug|Any CPU.ActiveCfg = Debug|Any CPU
		{F25B8516-ADAF-46E0-9322-EE5B1FA5EA4B}.Debug|Any CPU.Build.0 = Debug|Any CPU
		{F25B8516-ADAF-46E0-9322-EE5B1FA5EA4B}.Release|Any CPU.ActiveCfg = Release|Any CPU
		{F25B8516-ADAF-46E0-9322-EE5B1FA5EA4B}.Release|Any CPU.Build.0 = Release|Any CPU
		{9292491D-B61F-40A3-A4CA-4D1086DD0DDB}.Debug|Any CPU.ActiveCfg = Debug|Any CPU
		{9292491D-B61F-40A3-A4CA-4D1086DD0DDB}.Debug|Any CPU.Build.0 = Debug|Any CPU
		{9292491D-B61F-40A3-A4CA-4D1086DD0DDB}.Release|Any CPU.ActiveCfg = Release|Any CPU
		{9292491D-B61F-40A3-A4CA-4D1086DD0DDB}.Release|Any CPU.Build.0 = Release|Any CPU
		{5E11D452-7E2F-4767-9212-01354982BA82}.Debug|Any CPU.ActiveCfg = Debug|Any CPU
		{5E11D452-7E2F-4767-9212-01354982BA82}.Debug|Any CPU.Build.0 = Debug|Any CPU
		{5E11D452-7E2F-4767-9212-01354982BA82}.Release|Any CPU.ActiveCfg = Release|Any CPU
		{5E11D452-7E2F-4767-9212-01354982BA82}.Release|Any CPU.Build.0 = Release|Any CPU
		{E71F96C0-BC5D-4061-B69A-83EEAA65CC67}.Debug|Any CPU.ActiveCfg = Debug|Any CPU
		{E71F96C0-BC5D-4061-B69A-83EEAA65CC67}.Debug|Any CPU.Build.0 = Debug|Any CPU
		{E71F96C0-BC5D-4061-B69A-83EEAA65CC67}.Release|Any CPU.ActiveCfg = Release|Any CPU
		{E71F96C0-BC5D-4061-B69A-83EEAA65CC67}.Release|Any CPU.Build.0 = Release|Any CPU
		{952A570E-A49C-48F2-8FE9-39D0B7E37EA6}.Debug|Any CPU.ActiveCfg = Debug|Any CPU
		{952A570E-A49C-48F2-8FE9-39D0B7E37EA6}.Debug|Any CPU.Build.0 = Debug|Any CPU
		{952A570E-A49C-48F2-8FE9-39D0B7E37EA6}.Release|Any CPU.ActiveCfg = Release|Any CPU
		{952A570E-A49C-48F2-8FE9-39D0B7E37EA6}.Release|Any CPU.Build.0 = Release|Any CPU
		{66C90D7B-735A-43EA-B331-1C88CB14AE99}.Debug|Any CPU.ActiveCfg = Debug|Any CPU
		{66C90D7B-735A-43EA-B331-1C88CB14AE99}.Debug|Any CPU.Build.0 = Debug|Any CPU
		{66C90D7B-735A-43EA-B331-1C88CB14AE99}.Release|Any CPU.ActiveCfg = Release|Any CPU
		{66C90D7B-735A-43EA-B331-1C88CB14AE99}.Release|Any CPU.Build.0 = Release|Any CPU
		{23DF3858-08A1-4B43-B957-670E8B2C85C9}.Debug|Any CPU.ActiveCfg = Debug|Any CPU
		{23DF3858-08A1-4B43-B957-670E8B2C85C9}.Debug|Any CPU.Build.0 = Debug|Any CPU
		{23DF3858-08A1-4B43-B957-670E8B2C85C9}.Release|Any CPU.ActiveCfg = Release|Any CPU
		{23DF3858-08A1-4B43-B957-670E8B2C85C9}.Release|Any CPU.Build.0 = Release|Any CPU
		{A25850D4-6DED-4219-80E4-3460D723440B}.Debug|Any CPU.ActiveCfg = Debug|Any CPU
		{A25850D4-6DED-4219-80E4-3460D723440B}.Debug|Any CPU.Build.0 = Debug|Any CPU
		{A25850D4-6DED-4219-80E4-3460D723440B}.Release|Any CPU.ActiveCfg = Release|Any CPU
		{A25850D4-6DED-4219-80E4-3460D723440B}.Release|Any CPU.Build.0 = Release|Any CPU
		{C7549D3C-B6D9-428B-8AE7-5D1F856FF39B}.Debug|Any CPU.ActiveCfg = Debug|Any CPU
		{C7549D3C-B6D9-428B-8AE7-5D1F856FF39B}.Debug|Any CPU.Build.0 = Debug|Any CPU
		{C7549D3C-B6D9-428B-8AE7-5D1F856FF39B}.Release|Any CPU.ActiveCfg = Release|Any CPU
		{C7549D3C-B6D9-428B-8AE7-5D1F856FF39B}.Release|Any CPU.Build.0 = Release|Any CPU
		{16EFCFE8-6F9F-4A05-86CA-3FF89857CCA5}.Debug|Any CPU.ActiveCfg = Debug|Any CPU
		{16EFCFE8-6F9F-4A05-86CA-3FF89857CCA5}.Debug|Any CPU.Build.0 = Debug|Any CPU
		{16EFCFE8-6F9F-4A05-86CA-3FF89857CCA5}.Release|Any CPU.ActiveCfg = Release|Any CPU
		{16EFCFE8-6F9F-4A05-86CA-3FF89857CCA5}.Release|Any CPU.Build.0 = Release|Any CPU
		{CDD6329E-4EF3-4886-B6BD-8E6DC8FC1E91}.Debug|Any CPU.ActiveCfg = Debug|Any CPU
		{CDD6329E-4EF3-4886-B6BD-8E6DC8FC1E91}.Debug|Any CPU.Build.0 = Debug|Any CPU
		{CDD6329E-4EF3-4886-B6BD-8E6DC8FC1E91}.Release|Any CPU.ActiveCfg = Release|Any CPU
		{CDD6329E-4EF3-4886-B6BD-8E6DC8FC1E91}.Release|Any CPU.Build.0 = Release|Any CPU
		{796D12B1-5A01-4653-95BE-7633B6A1839E}.Debug|Any CPU.ActiveCfg = Debug|Any CPU
		{796D12B1-5A01-4653-95BE-7633B6A1839E}.Debug|Any CPU.Build.0 = Debug|Any CPU
		{796D12B1-5A01-4653-95BE-7633B6A1839E}.Release|Any CPU.ActiveCfg = Release|Any CPU
		{796D12B1-5A01-4653-95BE-7633B6A1839E}.Release|Any CPU.Build.0 = Release|Any CPU
		{261249D9-A26B-4940-942F-083D6674FB5B}.Debug|Any CPU.ActiveCfg = Debug|Any CPU
		{261249D9-A26B-4940-942F-083D6674FB5B}.Debug|Any CPU.Build.0 = Debug|Any CPU
		{261249D9-A26B-4940-942F-083D6674FB5B}.Release|Any CPU.ActiveCfg = Release|Any CPU
		{261249D9-A26B-4940-942F-083D6674FB5B}.Release|Any CPU.Build.0 = Release|Any CPU
		{C44DD8AB-386B-4105-A202-ABEF5CD422A1}.Debug|Any CPU.ActiveCfg = Debug|Any CPU
		{C44DD8AB-386B-4105-A202-ABEF5CD422A1}.Debug|Any CPU.Build.0 = Debug|Any CPU
		{C44DD8AB-386B-4105-A202-ABEF5CD422A1}.Release|Any CPU.ActiveCfg = Release|Any CPU
		{C44DD8AB-386B-4105-A202-ABEF5CD422A1}.Release|Any CPU.Build.0 = Release|Any CPU
		{7CBED6EA-B9E0-4F46-ACC6-E5CF528F4386}.Debug|Any CPU.ActiveCfg = Debug|Any CPU
		{7CBED6EA-B9E0-4F46-ACC6-E5CF528F4386}.Debug|Any CPU.Build.0 = Debug|Any CPU
		{7CBED6EA-B9E0-4F46-ACC6-E5CF528F4386}.Release|Any CPU.ActiveCfg = Release|Any CPU
		{7CBED6EA-B9E0-4F46-ACC6-E5CF528F4386}.Release|Any CPU.Build.0 = Release|Any CPU
		{85C27459-C58E-43FE-87C4-6CA4E5684B94}.Debug|Any CPU.ActiveCfg = Debug|Any CPU
		{85C27459-C58E-43FE-87C4-6CA4E5684B94}.Debug|Any CPU.Build.0 = Debug|Any CPU
		{85C27459-C58E-43FE-87C4-6CA4E5684B94}.Release|Any CPU.ActiveCfg = Release|Any CPU
		{85C27459-C58E-43FE-87C4-6CA4E5684B94}.Release|Any CPU.Build.0 = Release|Any CPU
		{DBF68CD3-0F40-425C-8B2B-6788708BFDC8}.Debug|Any CPU.ActiveCfg = Debug|Any CPU
		{DBF68CD3-0F40-425C-8B2B-6788708BFDC8}.Debug|Any CPU.Build.0 = Debug|Any CPU
		{DBF68CD3-0F40-425C-8B2B-6788708BFDC8}.Release|Any CPU.ActiveCfg = Release|Any CPU
		{DBF68CD3-0F40-425C-8B2B-6788708BFDC8}.Release|Any CPU.Build.0 = Release|Any CPU
		{7C20539B-B10C-4616-B80C-EBCFD45E737B}.Debug|Any CPU.ActiveCfg = Debug|Any CPU
		{7C20539B-B10C-4616-B80C-EBCFD45E737B}.Debug|Any CPU.Build.0 = Debug|Any CPU
		{7C20539B-B10C-4616-B80C-EBCFD45E737B}.Release|Any CPU.ActiveCfg = Release|Any CPU
		{7C20539B-B10C-4616-B80C-EBCFD45E737B}.Release|Any CPU.Build.0 = Release|Any CPU
		{5CED70D2-9043-4789-B3AB-9A259830F621}.Debug|Any CPU.ActiveCfg = Debug|Any CPU
		{5CED70D2-9043-4789-B3AB-9A259830F621}.Debug|Any CPU.Build.0 = Debug|Any CPU
		{5CED70D2-9043-4789-B3AB-9A259830F621}.Release|Any CPU.ActiveCfg = Release|Any CPU
		{5CED70D2-9043-4789-B3AB-9A259830F621}.Release|Any CPU.Build.0 = Release|Any CPU
		{F601FF35-9E28-4583-993B-2F3779DF9B95}.Debug|Any CPU.ActiveCfg = Debug|Any CPU
		{F601FF35-9E28-4583-993B-2F3779DF9B95}.Debug|Any CPU.Build.0 = Debug|Any CPU
		{F601FF35-9E28-4583-993B-2F3779DF9B95}.Release|Any CPU.ActiveCfg = Release|Any CPU
		{F601FF35-9E28-4583-993B-2F3779DF9B95}.Release|Any CPU.Build.0 = Release|Any CPU
		{7A66491E-360C-4DBC-9E84-2708400AA96F}.Debug|Any CPU.ActiveCfg = Debug|Any CPU
		{7A66491E-360C-4DBC-9E84-2708400AA96F}.Debug|Any CPU.Build.0 = Debug|Any CPU
		{7A66491E-360C-4DBC-9E84-2708400AA96F}.Release|Any CPU.ActiveCfg = Release|Any CPU
		{7A66491E-360C-4DBC-9E84-2708400AA96F}.Release|Any CPU.Build.0 = Release|Any CPU
		{9869EE3C-16AB-4F13-89E9-891DFF51E626}.Debug|Any CPU.ActiveCfg = Debug|Any CPU
		{9869EE3C-16AB-4F13-89E9-891DFF51E626}.Debug|Any CPU.Build.0 = Debug|Any CPU
		{9869EE3C-16AB-4F13-89E9-891DFF51E626}.Release|Any CPU.ActiveCfg = Release|Any CPU
		{9869EE3C-16AB-4F13-89E9-891DFF51E626}.Release|Any CPU.Build.0 = Release|Any CPU
		{934E3D58-732A-4EDA-ACCB-F74243CDED0E}.Debug|Any CPU.ActiveCfg = Debug|Any CPU
		{934E3D58-732A-4EDA-ACCB-F74243CDED0E}.Debug|Any CPU.Build.0 = Debug|Any CPU
		{934E3D58-732A-4EDA-ACCB-F74243CDED0E}.Release|Any CPU.ActiveCfg = Release|Any CPU
		{934E3D58-732A-4EDA-ACCB-F74243CDED0E}.Release|Any CPU.Build.0 = Release|Any CPU
		{DCBCAC6C-9D37-4672-93B9-DFE86A296AC9}.Debug|Any CPU.ActiveCfg = Debug|Any CPU
		{DCBCAC6C-9D37-4672-93B9-DFE86A296AC9}.Debug|Any CPU.Build.0 = Debug|Any CPU
		{DCBCAC6C-9D37-4672-93B9-DFE86A296AC9}.Release|Any CPU.ActiveCfg = Release|Any CPU
		{DCBCAC6C-9D37-4672-93B9-DFE86A296AC9}.Release|Any CPU.Build.0 = Release|Any CPU
		{2B72BF92-9E16-4BC5-95BE-117C11800F25}.Debug|Any CPU.ActiveCfg = Debug|Any CPU
		{2B72BF92-9E16-4BC5-95BE-117C11800F25}.Debug|Any CPU.Build.0 = Debug|Any CPU
		{2B72BF92-9E16-4BC5-95BE-117C11800F25}.Release|Any CPU.ActiveCfg = Release|Any CPU
		{2B72BF92-9E16-4BC5-95BE-117C11800F25}.Release|Any CPU.Build.0 = Release|Any CPU
		{32728A40-AA5B-4DDB-B868-F503B0C4E5B6}.Debug|Any CPU.ActiveCfg = Debug|Any CPU
		{32728A40-AA5B-4DDB-B868-F503B0C4E5B6}.Debug|Any CPU.Build.0 = Debug|Any CPU
		{32728A40-AA5B-4DDB-B868-F503B0C4E5B6}.Release|Any CPU.ActiveCfg = Release|Any CPU
		{32728A40-AA5B-4DDB-B868-F503B0C4E5B6}.Release|Any CPU.Build.0 = Release|Any CPU
		{FF871BD9-4299-4959-89C6-710E5FF87DDF}.Debug|Any CPU.ActiveCfg = Debug|Any CPU
		{FF871BD9-4299-4959-89C6-710E5FF87DDF}.Debug|Any CPU.Build.0 = Debug|Any CPU
		{FF871BD9-4299-4959-89C6-710E5FF87DDF}.Release|Any CPU.ActiveCfg = Release|Any CPU
		{FF871BD9-4299-4959-89C6-710E5FF87DDF}.Release|Any CPU.Build.0 = Release|Any CPU
		{B1900A60-7AD0-4ECB-B9CE-00ED7BB3F85F}.Debug|Any CPU.ActiveCfg = Debug|Any CPU
		{B1900A60-7AD0-4ECB-B9CE-00ED7BB3F85F}.Debug|Any CPU.Build.0 = Debug|Any CPU
		{B1900A60-7AD0-4ECB-B9CE-00ED7BB3F85F}.Release|Any CPU.ActiveCfg = Release|Any CPU
		{B1900A60-7AD0-4ECB-B9CE-00ED7BB3F85F}.Release|Any CPU.Build.0 = Release|Any CPU
		{8C4CF52E-74EC-457B-82EB-5F8923FBBBBD}.Debug|Any CPU.ActiveCfg = Debug|Any CPU
		{8C4CF52E-74EC-457B-82EB-5F8923FBBBBD}.Debug|Any CPU.Build.0 = Debug|Any CPU
		{8C4CF52E-74EC-457B-82EB-5F8923FBBBBD}.Release|Any CPU.ActiveCfg = Release|Any CPU
		{8C4CF52E-74EC-457B-82EB-5F8923FBBBBD}.Release|Any CPU.Build.0 = Release|Any CPU
		{CE6782EA-6D8F-4211-8FC4-E72B218A38AB}.Debug|Any CPU.ActiveCfg = Debug|Any CPU
		{CE6782EA-6D8F-4211-8FC4-E72B218A38AB}.Debug|Any CPU.Build.0 = Debug|Any CPU
		{CE6782EA-6D8F-4211-8FC4-E72B218A38AB}.Release|Any CPU.ActiveCfg = Release|Any CPU
		{CE6782EA-6D8F-4211-8FC4-E72B218A38AB}.Release|Any CPU.Build.0 = Release|Any CPU
		{B7192FC6-044C-49DB-ACC1-2159961696E9}.Debug|Any CPU.ActiveCfg = Debug|Any CPU
		{B7192FC6-044C-49DB-ACC1-2159961696E9}.Debug|Any CPU.Build.0 = Debug|Any CPU
		{B7192FC6-044C-49DB-ACC1-2159961696E9}.Release|Any CPU.ActiveCfg = Release|Any CPU
		{B7192FC6-044C-49DB-ACC1-2159961696E9}.Release|Any CPU.Build.0 = Release|Any CPU
		{C46C077C-2797-439A-A601-44313E127FF2}.Debug|Any CPU.ActiveCfg = Debug|Any CPU
		{C46C077C-2797-439A-A601-44313E127FF2}.Debug|Any CPU.Build.0 = Debug|Any CPU
		{C46C077C-2797-439A-A601-44313E127FF2}.Release|Any CPU.ActiveCfg = Release|Any CPU
		{C46C077C-2797-439A-A601-44313E127FF2}.Release|Any CPU.Build.0 = Release|Any CPU
		{B240396E-ACA3-4C89-9711-8FD431A8FD06}.Debug|Any CPU.ActiveCfg = Debug|Any CPU
		{B240396E-ACA3-4C89-9711-8FD431A8FD06}.Debug|Any CPU.Build.0 = Debug|Any CPU
		{B240396E-ACA3-4C89-9711-8FD431A8FD06}.Release|Any CPU.ActiveCfg = Release|Any CPU
		{B240396E-ACA3-4C89-9711-8FD431A8FD06}.Release|Any CPU.Build.0 = Release|Any CPU
		{3AA8F4FE-0060-4B96-811B-2FE0C549B8A4}.Debug|Any CPU.ActiveCfg = Debug|Any CPU
		{3AA8F4FE-0060-4B96-811B-2FE0C549B8A4}.Debug|Any CPU.Build.0 = Debug|Any CPU
		{3AA8F4FE-0060-4B96-811B-2FE0C549B8A4}.Release|Any CPU.ActiveCfg = Release|Any CPU
		{3AA8F4FE-0060-4B96-811B-2FE0C549B8A4}.Release|Any CPU.Build.0 = Release|Any CPU
		{117869E5-E4A7-4EF7-AF67-A23EBB15540E}.Debug|Any CPU.ActiveCfg = Debug|Any CPU
		{117869E5-E4A7-4EF7-AF67-A23EBB15540E}.Debug|Any CPU.Build.0 = Debug|Any CPU
		{117869E5-E4A7-4EF7-AF67-A23EBB15540E}.Release|Any CPU.ActiveCfg = Release|Any CPU
		{117869E5-E4A7-4EF7-AF67-A23EBB15540E}.Release|Any CPU.Build.0 = Release|Any CPU
		{20B63CF2-49C5-4FFA-A83A-BAB6BEDE438F}.Debug|Any CPU.ActiveCfg = Debug|Any CPU
		{20B63CF2-49C5-4FFA-A83A-BAB6BEDE438F}.Debug|Any CPU.Build.0 = Debug|Any CPU
		{20B63CF2-49C5-4FFA-A83A-BAB6BEDE438F}.Release|Any CPU.ActiveCfg = Release|Any CPU
		{20B63CF2-49C5-4FFA-A83A-BAB6BEDE438F}.Release|Any CPU.Build.0 = Release|Any CPU
		{D1135DCF-697D-4252-B0A9-0F81FC7CB80B}.Debug|Any CPU.ActiveCfg = Debug|Any CPU
		{D1135DCF-697D-4252-B0A9-0F81FC7CB80B}.Debug|Any CPU.Build.0 = Debug|Any CPU
		{D1135DCF-697D-4252-B0A9-0F81FC7CB80B}.Release|Any CPU.ActiveCfg = Release|Any CPU
		{D1135DCF-697D-4252-B0A9-0F81FC7CB80B}.Release|Any CPU.Build.0 = Release|Any CPU
		{60DC500E-CCE5-41F6-BCDF-58520AD1E33C}.Debug|Any CPU.ActiveCfg = Debug|Any CPU
		{60DC500E-CCE5-41F6-BCDF-58520AD1E33C}.Debug|Any CPU.Build.0 = Debug|Any CPU
		{60DC500E-CCE5-41F6-BCDF-58520AD1E33C}.Release|Any CPU.ActiveCfg = Release|Any CPU
		{60DC500E-CCE5-41F6-BCDF-58520AD1E33C}.Release|Any CPU.Build.0 = Release|Any CPU
		{EA8EF494-CDC9-4D40-86B6-2DA254269180}.Debug|Any CPU.ActiveCfg = Debug|Any CPU
		{EA8EF494-CDC9-4D40-86B6-2DA254269180}.Debug|Any CPU.Build.0 = Debug|Any CPU
		{EA8EF494-CDC9-4D40-86B6-2DA254269180}.Release|Any CPU.ActiveCfg = Release|Any CPU
		{EA8EF494-CDC9-4D40-86B6-2DA254269180}.Release|Any CPU.Build.0 = Release|Any CPU
		{10FAE484-63C6-4469-852D-647E85240DDF}.Debug|Any CPU.ActiveCfg = Debug|Any CPU
		{10FAE484-63C6-4469-852D-647E85240DDF}.Debug|Any CPU.Build.0 = Debug|Any CPU
		{10FAE484-63C6-4469-852D-647E85240DDF}.Release|Any CPU.ActiveCfg = Release|Any CPU
		{10FAE484-63C6-4469-852D-647E85240DDF}.Release|Any CPU.Build.0 = Release|Any CPU
	EndGlobalSection
	GlobalSection(SolutionProperties) = preSolution
		HideSolutionNode = FALSE
	EndGlobalSection
	GlobalSection(ExtensibilityGlobals) = postSolution
		SolutionGuid = {6EF043AF-BEFE-4C40-80A6-4AA675093AE6}
	EndGlobalSection
EndGlobal
