
Microsoft Visual Studio Solution File, Format Version 12.00
# Visual Studio Version 17
VisualStudioVersion = 17.10.35013.160
MinimumVisualStudioVersion = 10.0.40219.1
Project("{9A19103F-16F7-4668-BE54-9A1E7A4F7556}") = "001_Test_Many_To_Many", "Test_Many_To_Many\001_Test_Many_To_Many.csproj", "{281F227D-6EE3-4F42-AB15-431EEF158B08}"
EndProject
Project("{9A19103F-16F7-4668-BE54-9A1E7A4F7556}") = "003_Simple_Authentication", "Simple_Authentication\003_Simple_Authentication.csproj", "{EA32E48E-0023-4658-AF43-F66F055F96E7}"
EndProject
Project("{9A19103F-16F7-4668-BE54-9A1E7A4F7556}") = "002_Joke", "Joke\002_Joke.csproj", "{4EC580CB-F106-46F6-A386-E80EBCC567E7}"
EndProject
Project("{9A19103F-16F7-4668-BE54-9A1E7A4F7556}") = "004_Average_Authentication", "Average_Authentication\004_Average_Authentication.csproj", "{E532A0E8-F376-4BFF-9249-1C82EF0A807C}"
EndProject
Project("{9A19103F-16F7-4668-BE54-9A1E7A4F7556}") = "005_Strong_Authentication", "Strong_Authentication\005_Strong_Authentication.csproj", "{008B8673-C17D-4F0F-B64D-A0BD647737F3}"
EndProject
Project("{9A19103F-16F7-4668-BE54-9A1E7A4F7556}") = "006_Easy_TokenGeneration", "Easy_TokenGeneration\006_Easy_TokenGeneration.csproj", "{78608D5C-88FE-48DB-ACD4-EA444107C9D7}"
EndProject
Project("{9A19103F-16F7-4668-BE54-9A1E7A4F7556}") = "007_Average_TokenGeneration", "Average_TokenGeneration\007_Average_TokenGeneration.csproj", "{07144224-6275-46C5-91A8-15D0C201FEC2}"
EndProject
Project("{9A19103F-16F7-4668-BE54-9A1E7A4F7556}") = "008_Easy_Thread_safe_collections", "Easy_Thread_safe_collections\008_Easy_Thread_safe_collections.csproj", "{664D7856-5C80-43D7-9854-38FF139A61EC}"
EndProject
Project("{9A19103F-16F7-4668-BE54-9A1E7A4F7556}") = "009_Easy_Thread_safe_collections_2", "Easy_Thread_safe_collections_2\009_Easy_Thread_safe_collections_2.csproj", "{88D33FA6-5F5E-4968-BFB0-447B14AD35E7}"
EndProject
Project("{9A19103F-16F7-4668-BE54-9A1E7A4F7556}") = "010_SynchronizationOfOrders", "SynchronizationOfOrders\010_SynchronizationOfOrders.csproj", "{255434C8-1DF1-49C8-B47D-52D3D34216FD}"
EndProject
Project("{9A19103F-16F7-4668-BE54-9A1E7A4F7556}") = "011_Cache_MemoryCache", "Cache_MemoryCache\011_Cache_MemoryCache.csproj", "{1874868D-F140-4625-9DC3-F84DA12E5464}"
EndProject
Project("{9A19103F-16F7-4668-BE54-9A1E7A4F7556}") = "012_Cache_Average_MemoryCache", "Cache_Average_MemoryCache\012_Cache_Average_MemoryCache.csproj", "{8EFD17D9-97E9-4275-A79E-6C36F3961044}"
EndProject
Project("{9A19103F-16F7-4668-BE54-9A1E7A4F7556}") = "013_Cache_Redis", "Cache_Redis\013_Cache_Redis.csproj", "{3D318A99-CCAF-45D0-AFB5-64DD6B147790}"
EndProject
Project("{9A19103F-16F7-4668-BE54-9A1E7A4F7556}") = "014_Easy_Url_Shortener_App", "Easy_Url_Shortener_App\014_Easy_Url_Shortener_App.csproj", "{5AC962AA-0AC1-4E56-91F2-7A21D3DB3604}"
EndProject
Project("{9A19103F-16F7-4668-BE54-9A1E7A4F7556}") = "015_TestApp_RabbitMQ_Producer", "TestApp_RabbitMQ_Producer\015_TestApp_RabbitMQ_Producer.csproj", "{5B05CC08-EB9E-440B-AACB-ABC93CBA3363}"
EndProject
Project("{9A19103F-16F7-4668-BE54-9A1E7A4F7556}") = "015_TestApp_RabbitMQ_Consumer", "TestApp_RabbitMQ_Consumer\015_TestApp_RabbitMQ_Consumer.csproj", "{BB654B37-9ED4-460D-B61E-5CC9DE2ABAB7}"
EndProject
Project("{9A19103F-16F7-4668-BE54-9A1E7A4F7556}") = "014_TestProject_Collor", "TestProject_Collor\014_TestProject_Collor.csproj", "{871A4B7E-A143-41CB-899C-45C4F00B6EAC}"
EndProject
Project("{9A19103F-16F7-4668-BE54-9A1E7A4F7556}") = "016_Test_App_Easy_PostgreSQL", "Test_App_Easy_PostgreSQL\016_Test_App_Easy_PostgreSQL.csproj", "{32E252A3-78E7-4DF2-8D43-416F76BA41D3}"
EndProject
Project("{9A19103F-16F7-4668-BE54-9A1E7A4F7556}") = "017_Test_easy_App_Dapper", "Test_easy_App_Dapper\017_Test_easy_App_Dapper.csproj", "{54AD483C-3828-413A-87DD-9A92F8D4D014}"
EndProject
Project("{9A19103F-16F7-4668-BE54-9A1E7A4F7556}") = "018_Test_app_SQLiete", "Test_app_SQLiete\018_Test_app_SQLiete.csproj", "{A86CDD9C-7CEF-4941-ACC6-5984535A255E}"
EndProject
Project("{9A19103F-16F7-4668-BE54-9A1E7A4F7556}") = "019_Test_app_Oracle", "Test_app_Oracle\019_Test_app_Oracle.csproj", "{B8FA2D93-6411-43B7-8133-B3EAA3A8F526}"
EndProject
Project("{9A19103F-16F7-4668-BE54-9A1E7A4F7556}") = "020_Test_easy_app_Oracle", "Test_easy_app_Oracle\020_Test_easy_app_Oracle.csproj", "{84FF36CB-BDD9-47DB-B9AC-F6F8AEE7A3E6}"
EndProject
Project("{9A19103F-16F7-4668-BE54-9A1E7A4F7556}") = "TestApp_Easy_MongoDb", "TestApp_Easy_MongoDb\TestApp_Easy_MongoDb.csproj", "{3D02A4C8-1890-49A2-89E2-D4EB72FD1B3E}"
EndProject
Project("{FAE04EC0-301F-11D3-BF4B-00C04F79EFBC}") = "TestApp_Middle_MongoDb", "TestApp_Middle_MongoDb\TestApp_Middle_MongoDb.csproj", "{A0B5734F-231C-48D5-AB7F-A7714F1057E5}"
EndProject
Global
	GlobalSection(SolutionConfigurationPlatforms) = preSolution
		Debug|Any CPU = Debug|Any CPU
		Release|Any CPU = Release|Any CPU
	EndGlobalSection
	GlobalSection(ProjectConfigurationPlatforms) = postSolution
		{281F227D-6EE3-4F42-AB15-431EEF158B08}.Debug|Any CPU.ActiveCfg = Debug|Any CPU
		{281F227D-6EE3-4F42-AB15-431EEF158B08}.Debug|Any CPU.Build.0 = Debug|Any CPU
		{281F227D-6EE3-4F42-AB15-431EEF158B08}.Release|Any CPU.ActiveCfg = Release|Any CPU
		{281F227D-6EE3-4F42-AB15-431EEF158B08}.Release|Any CPU.Build.0 = Release|Any CPU
		{EA32E48E-0023-4658-AF43-F66F055F96E7}.Debug|Any CPU.ActiveCfg = Debug|Any CPU
		{EA32E48E-0023-4658-AF43-F66F055F96E7}.Debug|Any CPU.Build.0 = Debug|Any CPU
		{EA32E48E-0023-4658-AF43-F66F055F96E7}.Release|Any CPU.ActiveCfg = Release|Any CPU
		{EA32E48E-0023-4658-AF43-F66F055F96E7}.Release|Any CPU.Build.0 = Release|Any CPU
		{4EC580CB-F106-46F6-A386-E80EBCC567E7}.Debug|Any CPU.ActiveCfg = Debug|Any CPU
		{4EC580CB-F106-46F6-A386-E80EBCC567E7}.Debug|Any CPU.Build.0 = Debug|Any CPU
		{4EC580CB-F106-46F6-A386-E80EBCC567E7}.Release|Any CPU.ActiveCfg = Release|Any CPU
		{4EC580CB-F106-46F6-A386-E80EBCC567E7}.Release|Any CPU.Build.0 = Release|Any CPU
		{E532A0E8-F376-4BFF-9249-1C82EF0A807C}.Debug|Any CPU.ActiveCfg = Debug|Any CPU
		{E532A0E8-F376-4BFF-9249-1C82EF0A807C}.Debug|Any CPU.Build.0 = Debug|Any CPU
		{E532A0E8-F376-4BFF-9249-1C82EF0A807C}.Release|Any CPU.ActiveCfg = Release|Any CPU
		{E532A0E8-F376-4BFF-9249-1C82EF0A807C}.Release|Any CPU.Build.0 = Release|Any CPU
		{008B8673-C17D-4F0F-B64D-A0BD647737F3}.Debug|Any CPU.ActiveCfg = Debug|Any CPU
		{008B8673-C17D-4F0F-B64D-A0BD647737F3}.Debug|Any CPU.Build.0 = Debug|Any CPU
		{008B8673-C17D-4F0F-B64D-A0BD647737F3}.Release|Any CPU.ActiveCfg = Release|Any CPU
		{008B8673-C17D-4F0F-B64D-A0BD647737F3}.Release|Any CPU.Build.0 = Release|Any CPU
		{78608D5C-88FE-48DB-ACD4-EA444107C9D7}.Debug|Any CPU.ActiveCfg = Debug|Any CPU
		{78608D5C-88FE-48DB-ACD4-EA444107C9D7}.Debug|Any CPU.Build.0 = Debug|Any CPU
		{78608D5C-88FE-48DB-ACD4-EA444107C9D7}.Release|Any CPU.ActiveCfg = Release|Any CPU
		{78608D5C-88FE-48DB-ACD4-EA444107C9D7}.Release|Any CPU.Build.0 = Release|Any CPU
		{07144224-6275-46C5-91A8-15D0C201FEC2}.Debug|Any CPU.ActiveCfg = Debug|Any CPU
		{07144224-6275-46C5-91A8-15D0C201FEC2}.Debug|Any CPU.Build.0 = Debug|Any CPU
		{07144224-6275-46C5-91A8-15D0C201FEC2}.Release|Any CPU.ActiveCfg = Release|Any CPU
		{07144224-6275-46C5-91A8-15D0C201FEC2}.Release|Any CPU.Build.0 = Release|Any CPU
		{664D7856-5C80-43D7-9854-38FF139A61EC}.Debug|Any CPU.ActiveCfg = Debug|Any CPU
		{664D7856-5C80-43D7-9854-38FF139A61EC}.Debug|Any CPU.Build.0 = Debug|Any CPU
		{664D7856-5C80-43D7-9854-38FF139A61EC}.Release|Any CPU.ActiveCfg = Release|Any CPU
		{664D7856-5C80-43D7-9854-38FF139A61EC}.Release|Any CPU.Build.0 = Release|Any CPU
		{88D33FA6-5F5E-4968-BFB0-447B14AD35E7}.Debug|Any CPU.ActiveCfg = Debug|Any CPU
		{88D33FA6-5F5E-4968-BFB0-447B14AD35E7}.Debug|Any CPU.Build.0 = Debug|Any CPU
		{88D33FA6-5F5E-4968-BFB0-447B14AD35E7}.Release|Any CPU.ActiveCfg = Release|Any CPU
		{88D33FA6-5F5E-4968-BFB0-447B14AD35E7}.Release|Any CPU.Build.0 = Release|Any CPU
		{255434C8-1DF1-49C8-B47D-52D3D34216FD}.Debug|Any CPU.ActiveCfg = Debug|Any CPU
		{255434C8-1DF1-49C8-B47D-52D3D34216FD}.Debug|Any CPU.Build.0 = Debug|Any CPU
		{255434C8-1DF1-49C8-B47D-52D3D34216FD}.Release|Any CPU.ActiveCfg = Release|Any CPU
		{255434C8-1DF1-49C8-B47D-52D3D34216FD}.Release|Any CPU.Build.0 = Release|Any CPU
		{1874868D-F140-4625-9DC3-F84DA12E5464}.Debug|Any CPU.ActiveCfg = Debug|Any CPU
		{1874868D-F140-4625-9DC3-F84DA12E5464}.Debug|Any CPU.Build.0 = Debug|Any CPU
		{1874868D-F140-4625-9DC3-F84DA12E5464}.Release|Any CPU.ActiveCfg = Release|Any CPU
		{1874868D-F140-4625-9DC3-F84DA12E5464}.Release|Any CPU.Build.0 = Release|Any CPU
		{8EFD17D9-97E9-4275-A79E-6C36F3961044}.Debug|Any CPU.ActiveCfg = Debug|Any CPU
		{8EFD17D9-97E9-4275-A79E-6C36F3961044}.Debug|Any CPU.Build.0 = Debug|Any CPU
		{8EFD17D9-97E9-4275-A79E-6C36F3961044}.Release|Any CPU.ActiveCfg = Release|Any CPU
		{8EFD17D9-97E9-4275-A79E-6C36F3961044}.Release|Any CPU.Build.0 = Release|Any CPU
		{3D318A99-CCAF-45D0-AFB5-64DD6B147790}.Debug|Any CPU.ActiveCfg = Debug|Any CPU
		{3D318A99-CCAF-45D0-AFB5-64DD6B147790}.Debug|Any CPU.Build.0 = Debug|Any CPU
		{3D318A99-CCAF-45D0-AFB5-64DD6B147790}.Release|Any CPU.ActiveCfg = Release|Any CPU
		{3D318A99-CCAF-45D0-AFB5-64DD6B147790}.Release|Any CPU.Build.0 = Release|Any CPU
		{5AC962AA-0AC1-4E56-91F2-7A21D3DB3604}.Debug|Any CPU.ActiveCfg = Debug|Any CPU
		{5AC962AA-0AC1-4E56-91F2-7A21D3DB3604}.Debug|Any CPU.Build.0 = Debug|Any CPU
		{5AC962AA-0AC1-4E56-91F2-7A21D3DB3604}.Release|Any CPU.ActiveCfg = Release|Any CPU
		{5AC962AA-0AC1-4E56-91F2-7A21D3DB3604}.Release|Any CPU.Build.0 = Release|Any CPU
		{5B05CC08-EB9E-440B-AACB-ABC93CBA3363}.Debug|Any CPU.ActiveCfg = Debug|Any CPU
		{5B05CC08-EB9E-440B-AACB-ABC93CBA3363}.Debug|Any CPU.Build.0 = Debug|Any CPU
		{5B05CC08-EB9E-440B-AACB-ABC93CBA3363}.Release|Any CPU.ActiveCfg = Release|Any CPU
		{5B05CC08-EB9E-440B-AACB-ABC93CBA3363}.Release|Any CPU.Build.0 = Release|Any CPU
		{BB654B37-9ED4-460D-B61E-5CC9DE2ABAB7}.Debug|Any CPU.ActiveCfg = Debug|Any CPU
		{BB654B37-9ED4-460D-B61E-5CC9DE2ABAB7}.Debug|Any CPU.Build.0 = Debug|Any CPU
		{BB654B37-9ED4-460D-B61E-5CC9DE2ABAB7}.Release|Any CPU.ActiveCfg = Release|Any CPU
		{BB654B37-9ED4-460D-B61E-5CC9DE2ABAB7}.Release|Any CPU.Build.0 = Release|Any CPU
		{871A4B7E-A143-41CB-899C-45C4F00B6EAC}.Debug|Any CPU.ActiveCfg = Debug|Any CPU
		{871A4B7E-A143-41CB-899C-45C4F00B6EAC}.Debug|Any CPU.Build.0 = Debug|Any CPU
		{871A4B7E-A143-41CB-899C-45C4F00B6EAC}.Release|Any CPU.ActiveCfg = Release|Any CPU
		{871A4B7E-A143-41CB-899C-45C4F00B6EAC}.Release|Any CPU.Build.0 = Release|Any CPU
		{32E252A3-78E7-4DF2-8D43-416F76BA41D3}.Debug|Any CPU.ActiveCfg = Debug|Any CPU
		{32E252A3-78E7-4DF2-8D43-416F76BA41D3}.Debug|Any CPU.Build.0 = Debug|Any CPU
		{32E252A3-78E7-4DF2-8D43-416F76BA41D3}.Release|Any CPU.ActiveCfg = Release|Any CPU
		{32E252A3-78E7-4DF2-8D43-416F76BA41D3}.Release|Any CPU.Build.0 = Release|Any CPU
		{54AD483C-3828-413A-87DD-9A92F8D4D014}.Debug|Any CPU.ActiveCfg = Debug|Any CPU
		{54AD483C-3828-413A-87DD-9A92F8D4D014}.Debug|Any CPU.Build.0 = Debug|Any CPU
		{54AD483C-3828-413A-87DD-9A92F8D4D014}.Release|Any CPU.ActiveCfg = Release|Any CPU
		{54AD483C-3828-413A-87DD-9A92F8D4D014}.Release|Any CPU.Build.0 = Release|Any CPU
		{A86CDD9C-7CEF-4941-ACC6-5984535A255E}.Debug|Any CPU.ActiveCfg = Debug|Any CPU
		{A86CDD9C-7CEF-4941-ACC6-5984535A255E}.Debug|Any CPU.Build.0 = Debug|Any CPU
		{A86CDD9C-7CEF-4941-ACC6-5984535A255E}.Release|Any CPU.ActiveCfg = Release|Any CPU
		{A86CDD9C-7CEF-4941-ACC6-5984535A255E}.Release|Any CPU.Build.0 = Release|Any CPU
		{B8FA2D93-6411-43B7-8133-B3EAA3A8F526}.Debug|Any CPU.ActiveCfg = Debug|Any CPU
		{B8FA2D93-6411-43B7-8133-B3EAA3A8F526}.Debug|Any CPU.Build.0 = Debug|Any CPU
		{B8FA2D93-6411-43B7-8133-B3EAA3A8F526}.Release|Any CPU.ActiveCfg = Release|Any CPU
		{B8FA2D93-6411-43B7-8133-B3EAA3A8F526}.Release|Any CPU.Build.0 = Release|Any CPU
		{84FF36CB-BDD9-47DB-B9AC-F6F8AEE7A3E6}.Debug|Any CPU.ActiveCfg = Debug|Any CPU
		{84FF36CB-BDD9-47DB-B9AC-F6F8AEE7A3E6}.Debug|Any CPU.Build.0 = Debug|Any CPU
		{84FF36CB-BDD9-47DB-B9AC-F6F8AEE7A3E6}.Release|Any CPU.ActiveCfg = Release|Any CPU
		{84FF36CB-BDD9-47DB-B9AC-F6F8AEE7A3E6}.Release|Any CPU.Build.0 = Release|Any CPU
		{3D02A4C8-1890-49A2-89E2-D4EB72FD1B3E}.Debug|Any CPU.ActiveCfg = Debug|Any CPU
		{3D02A4C8-1890-49A2-89E2-D4EB72FD1B3E}.Debug|Any CPU.Build.0 = Debug|Any CPU
		{3D02A4C8-1890-49A2-89E2-D4EB72FD1B3E}.Release|Any CPU.ActiveCfg = Release|Any CPU
		{3D02A4C8-1890-49A2-89E2-D4EB72FD1B3E}.Release|Any CPU.Build.0 = Release|Any CPU
		{A0B5734F-231C-48D5-AB7F-A7714F1057E5}.Debug|Any CPU.ActiveCfg = Debug|Any CPU
		{A0B5734F-231C-48D5-AB7F-A7714F1057E5}.Debug|Any CPU.Build.0 = Debug|Any CPU
		{A0B5734F-231C-48D5-AB7F-A7714F1057E5}.Release|Any CPU.ActiveCfg = Release|Any CPU
		{A0B5734F-231C-48D5-AB7F-A7714F1057E5}.Release|Any CPU.Build.0 = Release|Any CPU
	EndGlobalSection
	GlobalSection(SolutionProperties) = preSolution
		HideSolutionNode = FALSE
	EndGlobalSection
	GlobalSection(ExtensibilityGlobals) = postSolution
		SolutionGuid = {6EF043AF-BEFE-4C40-80A6-4AA675093AE6}
	EndGlobalSection
EndGlobal
