
Microsoft Visual Studio Solution File, Format Version 12.00
# Visual Studio Version 17
VisualStudioVersion = 17.10.35013.160
MinimumVisualStudioVersion = 10.0.40219.1
Project("{FAE04EC0-301F-11D3-BF4B-00C04F79EFBC}") = "Test_Many_To_Many", "Test_Many_To_Many\Test_Many_To_Many.csproj", "{281F227D-6EE3-4F42-AB15-431EEF158B08}"
EndProject
Global
	GlobalSection(SolutionConfigurationPlatforms) = preSolution
		Debug|Any CPU = Debug|Any CPU
		Release|Any CPU = Release|Any CPU
	EndGlobalSection
	GlobalSection(ProjectConfigurationPlatforms) = postSolution
		{281F227D-6EE3-4F42-AB15-431EEF158B08}.Debug|Any CPU.ActiveCfg = Debug|Any CPU
		{281F227D-6EE3-4F42-AB15-431EEF158B08}.Debug|Any CPU.Build.0 = Debug|Any CPU
		{281F227D-6EE3-4F42-AB15-431EEF158B08}.Release|Any CPU.ActiveCfg = Release|Any CPU
		{281F227D-6EE3-4F42-AB15-431EEF158B08}.Release|Any CPU.Build.0 = Release|Any CPU
	EndGlobalSection
	GlobalSection(SolutionProperties) = preSolution
		HideSolutionNode = FALSE
	EndGlobalSection
	GlobalSection(ExtensibilityGlobals) = postSolution
		SolutionGuid = {6EF043AF-BEFE-4C40-80A6-4AA675093AE6}
	EndGlobalSection
EndGlobal
